// !$*UTF8*$!
{
	archiveVersion = 1;
	classes = {
	};
	objectVersion = 46;
	objects = {

/* Begin PBXBuildFile section */
		A2847E311A3E64F900E428BE /* PlaySoundsViewController.swift in Sources */ = {isa = PBXBuildFile; fileRef = A2847E301A3E64F900E428BE /* PlaySoundsViewController.swift */; };
		A2847E331A3E8C8A00E428BE /* movie_quote.mp3 in Resources */ = {isa = PBXBuildFile; fileRef = A2847E321A3E8C8A00E428BE /* movie_quote.mp3 */; };
		A2B95A841A3BFC6900340790 /* AppDelegate.swift in Sources */ = {isa = PBXBuildFile; fileRef = A2B95A831A3BFC6900340790 /* AppDelegate.swift */; };
		A2B95A861A3BFC6900340790 /* ViewController.swift in Sources */ = {isa = PBXBuildFile; fileRef = A2B95A851A3BFC6900340790 /* ViewController.swift */; };
		A2B95A891A3BFC6900340790 /* Main.storyboard in Resources */ = {isa = PBXBuildFile; fileRef = A2B95A871A3BFC6900340790 /* Main.storyboard */; };
		A2B95A8B1A3BFC6900340790 /* Images.xcassets in Resources */ = {isa = PBXBuildFile; fileRef = A2B95A8A1A3BFC6900340790 /* Images.xcassets */; };
		A2B95A8E1A3BFC6900340790 /* LaunchScreen.xib in Resources */ = {isa = PBXBuildFile; fileRef = A2B95A8C1A3BFC6900340790 /* LaunchScreen.xib */; };
		A2B95A9A1A3BFC6900340790 /* Pitch_PerfectTests.swift in Sources */ = {isa = PBXBuildFile; fileRef = A2B95A991A3BFC6900340790 /* Pitch_PerfectTests.swift */; };
/* End PBXBuildFile section */

/* Begin PBXContainerItemProxy section */
		A2B95A941A3BFC6900340790 /* PBXContainerItemProxy */ = {
			isa = PBXContainerItemProxy;
			containerPortal = A2B95A761A3BFC6900340790 /* Project object */;
			proxyType = 1;
			remoteGlobalIDString = A2B95A7D1A3BFC6900340790;
			remoteInfo = "Pitch Perfect";
		};
/* End PBXContainerItemProxy section */

/* Begin PBXFileReference section */
		A2847E301A3E64F900E428BE /* PlaySoundsViewController.swift */ = {isa = PBXFileReference; fileEncoding = 4; lastKnownFileType = sourcecode.swift; path = PlaySoundsViewController.swift; sourceTree = "<group>"; };
		A2847E321A3E8C8A00E428BE /* movie_quote.mp3 */ = {isa = PBXFileReference; lastKnownFileType = audio.mp3; path = movie_quote.mp3; sourceTree = "<group>"; };
		A2B95A7E1A3BFC6900340790 /* Pitch Perfect.app */ = {isa = PBXFileReference; explicitFileType = wrapper.application; includeInIndex = 0; path = "Pitch Perfect.app"; sourceTree = BUILT_PRODUCTS_DIR; };
		A2B95A821A3BFC6900340790 /* Info.plist */ = {isa = PBXFileReference; lastKnownFileType = text.plist.xml; path = Info.plist; sourceTree = "<group>"; };
		A2B95A831A3BFC6900340790 /* AppDelegate.swift */ = {isa = PBXFileReference; lastKnownFileType = sourcecode.swift; path = AppDelegate.swift; sourceTree = "<group>"; };
		A2B95A851A3BFC6900340790 /* ViewController.swift */ = {isa = PBXFileReference; lastKnownFileType = sourcecode.swift; path = ViewController.swift; sourceTree = "<group>"; };
		A2B95A881A3BFC6900340790 /* Base */ = {isa = PBXFileReference; lastKnownFileType = file.storyboard; name = Base; path = Base.lproj/Main.storyboard; sourceTree = "<group>"; };
		A2B95A8A1A3BFC6900340790 /* Images.xcassets */ = {isa = PBXFileReference; lastKnownFileType = folder.assetcatalog; path = Images.xcassets; sourceTree = "<group>"; };
		A2B95A8D1A3BFC6900340790 /* Base */ = {isa = PBXFileReference; lastKnownFileType = file.xib; name = Base; path = Base.lproj/LaunchScreen.xib; sourceTree = "<group>"; };
		A2B95A931A3BFC6900340790 /* Pitch PerfectTests.xctest */ = {isa = PBXFileReference; explicitFileType = wrapper.cfbundle; includeInIndex = 0; path = "Pitch PerfectTests.xctest"; sourceTree = BUILT_PRODUCTS_DIR; };
		A2B95A981A3BFC6900340790 /* Info.plist */ = {isa = PBXFileReference; lastKnownFileType = text.plist.xml; path = Info.plist; sourceTree = "<group>"; };
		A2B95A991A3BFC6900340790 /* Pitch_PerfectTests.swift */ = {isa = PBXFileReference; lastKnownFileType = sourcecode.swift; path = Pitch_PerfectTests.swift; sourceTree = "<group>"; };
/* End PBXFileReference section */

/* Begin PBXFrameworksBuildPhase section */
		A2B95A7B1A3BFC6900340790 /* Frameworks */ = {
			isa = PBXFrameworksBuildPhase;
			buildActionMask = 2147483647;
			files = (
			);
			runOnlyForDeploymentPostprocessing = 0;
		};
		A2B95A901A3BFC6900340790 /* Frameworks */ = {
			isa = PBXFrameworksBuildPhase;
			buildActionMask = 2147483647;
			files = (
			);
			runOnlyForDeploymentPostprocessing = 0;
		};
/* End PBXFrameworksBuildPhase section */

/* Begin PBXGroup section */
		A2B95A751A3BFC6900340790 = {
			isa = PBXGroup;
			children = (
				A2B95A801A3BFC6900340790 /* Pitch Perfect */,
				A2B95A961A3BFC6900340790 /* Pitch PerfectTests */,
				A2B95A7F1A3BFC6900340790 /* Products */,
			);
			sourceTree = "<group>";
		};
		A2B95A7F1A3BFC6900340790 /* Products */ = {
			isa = PBXGroup;
			children = (
				A2B95A7E1A3BFC6900340790 /* Pitch Perfect.app */,
				A2B95A931A3BFC6900340790 /* Pitch PerfectTests.xctest */,
			);
			name = Products;
			sourceTree = "<group>";
		};
		A2B95A801A3BFC6900340790 /* Pitch Perfect */ = {
			isa = PBXGroup;
			children = (
				A2B95A831A3BFC6900340790 /* AppDelegate.swift */,
				A2B95A851A3BFC6900340790 /* ViewController.swift */,
				A2B95A871A3BFC6900340790 /* Main.storyboard */,
				A2847E301A3E64F900E428BE /* PlaySoundsViewController.swift */,
				A2B95A8A1A3BFC6900340790 /* Images.xcassets */,
				A2B95A8C1A3BFC6900340790 /* LaunchScreen.xib */,
				A2B95A811A3BFC6900340790 /* Supporting Files */,
			);
			path = "Pitch Perfect";
			sourceTree = "<group>";
		};
		A2B95A811A3BFC6900340790 /* Supporting Files */ = {
			isa = PBXGroup;
			children = (
				A2847E321A3E8C8A00E428BE /* movie_quote.mp3 */,
				A2B95A821A3BFC6900340790 /* Info.plist */,
			);
			name = "Supporting Files";
			sourceTree = "<group>";
		};
		A2B95A961A3BFC6900340790 /* Pitch PerfectTests */ = {
			isa = PBXGroup;
			children = (
				A2B95A991A3BFC6900340790 /* Pitch_PerfectTests.swift */,
				A2B95A971A3BFC6900340790 /* Supporting Files */,
			);
			path = "Pitch PerfectTests";
			sourceTree = "<group>";
		};
		A2B95A971A3BFC6900340790 /* Supporting Files */ = {
			isa = PBXGroup;
			children = (
				A2B95A981A3BFC6900340790 /* Info.plist */,
			);
			name = "Supporting Files";
			sourceTree = "<group>";
		};
/* End PBXGroup section */

/* Begin PBXNativeTarget section */
		A2B95A7D1A3BFC6900340790 /* Pitch Perfect */ = {
			isa = PBXNativeTarget;
			buildConfigurationList = A2B95A9D1A3BFC6900340790 /* Build configuration list for PBXNativeTarget "Pitch Perfect" */;
			buildPhases = (
				A2B95A7A1A3BFC6900340790 /* Sources */,
				A2B95A7B1A3BFC6900340790 /* Frameworks */,
				A2B95A7C1A3BFC6900340790 /* Resources */,
			);
			buildRules = (
			);
			dependencies = (
			);
			name = "Pitch Perfect";
			productName = "Pitch Perfect";
			productReference = A2B95A7E1A3BFC6900340790 /* Pitch Perfect.app */;
			productType = "com.apple.product-type.application";
		};
		A2B95A921A3BFC6900340790 /* Pitch PerfectTests */ = {
			isa = PBXNativeTarget;
			buildConfigurationList = A2B95AA01A3BFC6900340790 /* Build configuration list for PBXNativeTarget "Pitch PerfectTests" */;
			buildPhases = (
				A2B95A8F1A3BFC6900340790 /* Sources */,
				A2B95A901A3BFC6900340790 /* Frameworks */,
				A2B95A911A3BFC6900340790 /* Resources */,
			);
			buildRules = (
			);
			dependencies = (
				A2B95A951A3BFC6900340790 /* PBXTargetDependency */,
			);
			name = "Pitch PerfectTests";
			productName = "Pitch PerfectTests";
			productReference = A2B95A931A3BFC6900340790 /* Pitch PerfectTests.xctest */;
			productType = "com.apple.product-type.bundle.unit-test";
		};
/* End PBXNativeTarget section */

/* Begin PBXProject section */
		A2B95A761A3BFC6900340790 /* Project object */ = {
			isa = PBXProject;
			attributes = {
				LastUpgradeCheck = 0610;
				ORGANIZATIONNAME = "Hesham Al-Zaemey";
				TargetAttributes = {
					A2B95A7D1A3BFC6900340790 = {
						CreatedOnToolsVersion = 6.1.1;
					};
					A2B95A921A3BFC6900340790 = {
						CreatedOnToolsVersion = 6.1.1;
						TestTargetID = A2B95A7D1A3BFC6900340790;
					};
				};
			};
			buildConfigurationList = A2B95A791A3BFC6900340790 /* Build configuration list for PBXProject "Pitch Perfect" */;
			compatibilityVersion = "Xcode 3.2";
			developmentRegion = English;
			hasScannedForEncodings = 0;
			knownRegions = (
				en,
				Base,
			);
			mainGroup = A2B95A751A3BFC6900340790;
			productRefGroup = A2B95A7F1A3BFC6900340790 /* Products */;
			projectDirPath = "";
			projectRoot = "";
			targets = (
				A2B95A7D1A3BFC6900340790 /* Pitch Perfect */,
				A2B95A921A3BFC6900340790 /* Pitch PerfectTests */,
			);
		};
/* End PBXProject section */

/* Begin PBXResourcesBuildPhase section */
		A2B95A7C1A3BFC6900340790 /* Resources */ = {
			isa = PBXResourcesBuildPhase;
			buildActionMask = 2147483647;
			files = (
				A2B95A891A3BFC6900340790 /* Main.storyboard in Resources */,
				A2B95A8E1A3BFC6900340790 /* LaunchScreen.xib in Resources */,
				A2847E331A3E8C8A00E428BE /* movie_quote.mp3 in Resources */,
				A2B95A8B1A3BFC6900340790 /* Images.xcassets in Resources */,
			);
			runOnlyForDeploymentPostprocessing = 0;
		};
		A2B95A911A3BFC6900340790 /* Resources */ = {
			isa = PBXResourcesBuildPhase;
			buildActionMask = 2147483647;
			files = (
			);
			runOnlyForDeploymentPostprocessing = 0;
		};
/* End PBXResourcesBuildPhase section */

/* Begin PBXSourcesBuildPhase section */
		A2B95A7A1A3BFC6900340790 /* Sources */ = {
			isa = PBXSourcesBuildPhase;
			buildActionMask = 2147483647;
			files = (
				A2B95A861A3BFC6900340790 /* ViewController.swift in Sources */,
				A2847E311A3E64F900E428BE /* PlaySoundsViewController.swift in Sources */,
				A2B95A841A3BFC6900340790 /* AppDelegate.swift in Sources */,
			);
			runOnlyForDeploymentPostprocessing = 0;
		};
		A2B95A8F1A3BFC6900340790 /* Sources */ = {
			isa = PBXSourcesBuildPhase;
			buildActionMask = 2147483647;
			files = (
				A2B95A9A1A3BFC6900340790 /* Pitch_PerfectTests.swift in Sources */,
			);
			runOnlyForDeploymentPostprocessing = 0;
		};
/* End PBXSourcesBuildPhase section */

/* Begin PBXTargetDependency section */
		A2B95A951A3BFC6900340790 /* PBXTargetDependency */ = {
			isa = PBXTargetDependency;
			target = A2B95A7D1A3BFC6900340790 /* Pitch Perfect */;
			targetProxy = A2B95A941A3BFC6900340790 /* PBXContainerItemProxy */;
		};
/* End PBXTargetDependency section */

/* Begin PBXVariantGroup section */
		A2B95A871A3BFC6900340790 /* Main.storyboard */ = {
			isa = PBXVariantGroup;
			children = (
				A2B95A881A3BFC6900340790 /* Base */,
			);
			name = Main.storyboard;
			sourceTree = "<group>";
		};
		A2B95A8C1A3BFC6900340790 /* LaunchScreen.xib */ = {
			isa = PBXVariantGroup;
			children = (
				A2B95A8D1A3BFC6900340790 /* Base */,
			);
			name = LaunchScreen.xib;
			sourceTree = "<group>";
		};
/* End PBXVariantGroup section */

/* Begin XCBuildConfiguration section */
		A2B95A9B1A3BFC6900340790 /* Debug */ = {
			isa = XCBuildConfiguration;
			buildSettings = {
				ALWAYS_SEARCH_USER_PATHS = NO;
				CLANG_CXX_LANGUAGE_STANDARD = "gnu++0x";
				CLANG_CXX_LIBRARY = "libc++";
				CLANG_ENABLE_MODULES = YES;
				CLANG_ENABLE_OBJC_ARC = YES;
				CLANG_WARN_BOOL_CONVERSION = YES;
				CLANG_WARN_CONSTANT_CONVERSION = YES;
				CLANG_WARN_DIRECT_OBJC_ISA_USAGE = YES_ERROR;
				CLANG_WARN_EMPTY_BODY = YES;
				CLANG_WARN_ENUM_CONVERSION = YES;
				CLANG_WARN_INT_CONVERSION = YES;
				CLANG_WARN_OBJC_ROOT_CLASS = YES_ERROR;
				CLANG_WARN_UNREACHABLE_CODE = YES;
				CLANG_WARN__DUPLICATE_METHOD_MATCH = YES;
				"CODE_SIGN_IDENTITY[sdk=iphoneos*]" = "iPhone Developer";
				COPY_PHASE_STRIP = NO;
				ENABLE_STRICT_OBJC_MSGSEND = YES;
				GCC_C_LANGUAGE_STANDARD = gnu99;
				GCC_DYNAMIC_NO_PIC = NO;
				GCC_OPTIMIZATION_LEVEL = 0;
				GCC_PREPROCESSOR_DEFINITIONS = (
					"DEBUG=1",
					"$(inherited)",
				);
				GCC_SYMBOLS_PRIVATE_EXTERN = NO;
				GCC_WARN_64_TO_32_BIT_CONVERSION = YES;
				GCC_WARN_ABOUT_RETURN_TYPE = YES_ERROR;
				GCC_WARN_UNDECLARED_SELECTOR = YES;
				GCC_WARN_UNINITIALIZED_AUTOS = YES_AGGRESSIVE;
				GCC_WARN_UNUSED_FUNCTION = YES;
				GCC_WARN_UNUSED_VARIABLE = YES;
				IPHONEOS_DEPLOYMENT_TARGET = 8.1;
				MTL_ENABLE_DEBUG_INFO = YES;
				ONLY_ACTIVE_ARCH = YES;
				SDKROOT = iphoneos;
				SWIFT_OPTIMIZATION_LEVEL = "-Onone";
			};
			name = Debug;
		};
		A2B95A9C1A3BFC6900340790 /* Release */ = {
			isa = XCBuildConfiguration;
			buildSettings = {
				ALWAYS_SEARCH_USER_PATHS = NO;
				CLANG_CXX_LANGUAGE_STANDARD = "gnu++0x";
				CLANG_CXX_LIBRARY = "libc++";
				CLANG_ENABLE_MODULES = YES;
				CLANG_ENABLE_OBJC_ARC = YES;
				CLANG_WARN_BOOL_CONVERSION = YES;
				CLANG_WARN_CONSTANT_CONVERSION = YES;
				CLANG_WARN_DIRECT_OBJC_ISA_USAGE = YES_ERROR;
				CLANG_WARN_EMPTY_BODY = YES;
				CLANG_WARN_ENUM_CONVERSION = YES;
				CLANG_WARN_INT_CONVERSION = YES;
				CLANG_WARN_OBJC_ROOT_CLASS = YES_ERROR;
				CLANG_WARN_UNREACHABLE_CODE = YES;
				CLANG_WARN__DUPLICATE_METHOD_MATCH = YES;
				"CODE_SIGN_IDENTITY[sdk=iphoneos*]" = "iPhone Developer";
				COPY_PHASE_STRIP = YES;
				ENABLE_NS_ASSERTIONS = NO;
				ENABLE_STRICT_OBJC_MSGSEND = YES;
				GCC_C_LANGUAGE_STANDARD = gnu99;
				GCC_WARN_64_TO_32_BIT_CONVERSION = YES;
				GCC_WARN_ABOUT_RETURN_TYPE = YES_ERROR;
				GCC_WARN_UNDECLARED_SELECTOR = YES;
				GCC_WARN_UNINITIALIZED_AUTOS = YES_AGGRESSIVE;
				GCC_WARN_UNUSED_FUNCTION = YES;
				GCC_WARN_UNUSED_VARIABLE = YES;
				IPHONEOS_DEPLOYMENT_TARGET = 8.1;
				MTL_ENABLE_DEBUG_INFO = NO;
				SDKROOT = iphoneos;
				VALIDATE_PRODUCT = YES;
			};
			name = Release;
		};
		A2B95A9E1A3BFC6900340790 /* Debug */ = {
			isa = XCBuildConfiguration;
			buildSettings = {
				ASSETCATALOG_COMPILER_APPICON_NAME = AppIcon;
				INFOPLIST_FILE = "Pitch Perfect/Info.plist";
				IPHONEOS_DEPLOYMENT_TARGET = 7.1;
				LD_RUNPATH_SEARCH_PATHS = "$(inherited) @executable_path/Frameworks";
				PRODUCT_NAME = "$(TARGET_NAME)";
				TARGETED_DEVICE_FAMILY = 1;
			};
			name = Debug;
		};
		A2B95A9F1A3BFC6900340790 /* Release */ = {
			isa = XCBuildConfiguration;
			buildSettings = {
				ASSETCATALOG_COMPILER_APPICON_NAME = AppIcon;
				INFOPLIST_FILE = "Pitch Perfect/Info.plist";
				IPHONEOS_DEPLOYMENT_TARGET = 7.1;
				LD_RUNPATH_SEARCH_PATHS = "$(inherited) @executable_path/Frameworks";
				PRODUCT_NAME = "$(TARGET_NAME)";
				TARGETED_DEVICE_FAMILY = 1;
			};
			name = Release;
		};
		A2B95AA11A3BFC6900340790 /* Debug */ = {
			isa = XCBuildConfiguration;
			buildSettings = {
				BUNDLE_LOADER = "$(TEST_HOST)";
				FRAMEWORK_SEARCH_PATHS = (
					"$(SDKROOT)/Developer/Library/Frameworks",
					"$(inherited)",
				);
				GCC_PREPROCESSOR_DEFINITIONS = (
					"DEBUG=1",
					"$(inherited)",
				);
				INFOPLIST_FILE = "Pitch PerfectTests/Info.plist";
				LD_RUNPATH_SEARCH_PATHS = "$(inherited) @executable_path/Frameworks @loader_path/Frameworks";
				PRODUCT_NAME = "$(TARGET_NAME)";
				TEST_HOST = "$(BUILT_PRODUCTS_DIR)/Pitch Perfect.app/Pitch Perfect";
			};
			name = Debug;
		};
		A2B95AA21A3BFC6900340790 /* Release */ = {
			isa = XCBuildConfiguration;
			buildSettings = {
				BUNDLE_LOADER = "$(TEST_HOST)";
				FRAMEWORK_SEARCH_PATHS = (
					"$(SDKROOT)/Developer/Library/Frameworks",
					"$(inherited)",
				);
				INFOPLIST_FILE = "Pitch PerfectTests/Info.plist";
				LD_RUNPATH_SEARCH_PATHS = "$(inherited) @executable_path/Frameworks @loader_path/Frameworks";
				PRODUCT_NAME = "$(TARGET_NAME)";
				TEST_HOST = "$(BUILT_PRODUCTS_DIR)/Pitch Perfect.app/Pitch Perfect";
			};
			name = Release;
		};
/* End XCBuildConfiguration section */

/* Begin XCConfigurationList section */
		A2B95A791A3BFC6900340790 /* Build configuration list for PBXProject "Pitch Perfect" */ = {
			isa = XCConfigurationList;
			buildConfigurations = (
				A2B95A9B1A3BFC6900340790 /* Debug */,
				A2B95A9C1A3BFC6900340790 /* Release */,
			);
			defaultConfigurationIsVisible = 0;
			defaultConfigurationName = Release;
		};
		A2B95A9D1A3BFC6900340790 /* Build configuration list for PBXNativeTarget "Pitch Perfect" */ = {
			isa = XCConfigurationList;
			buildConfigurations = (
				A2B95A9E1A3BFC6900340790 /* Debug */,
				A2B95A9F1A3BFC6900340790 /* Release */,
			);
			defaultConfigurationIsVisible = 0;
			defaultConfigurationName = Release;
		};
		A2B95AA01A3BFC6900340790 /* Build configuration list for PBXNativeTarget "Pitch PerfectTests" */ = {
			isa = XCConfigurationList;
			buildConfigurations = (
				A2B95AA11A3BFC6900340790 /* Debug */,
				A2B95AA21A3BFC6900340790 /* Release */,
			);
			defaultConfigurationIsVisible = 0;
			defaultConfigurationName = Release;
		};
/* End XCConfigurationList section */
	};
	rootObject = A2B95A761A3BFC6900340790 /* Project object */;
}
